
Microsoft Visual Studio Solution File, Format Version 12.00
# Visual Studio 15
VisualStudioVersion = 15.0.28307.705
MinimumVisualStudioVersion = 10.0.40219.1
Project("{FAE04EC0-301F-11D3-BF4B-00C04F79EFBC}") = "IntroCsharp", "IntroCsharp\IntroCsharp.csproj", "{3A883F59-135E-4437-BEB5-996741B8E71A}"
EndProject
Project("{FAE04EC0-301F-11D3-BF4B-00C04F79EFBC}") = "UnitTestProject1", "UnitTestProject1\UnitTestProject1.csproj", "{D2EC453A-5055-4C09-A0A3-9CF25B7AA38B}"
EndProject
Project("{FAE04EC0-301F-11D3-BF4B-00C04F79EFBC}") = "CodedUITestProject1", "CodedUITestProject1\CodedUITestProject1.csproj", "{9901FE7C-9723-40FD-95E4-C063B4F61328}"
EndProject
Global
	GlobalSection(SolutionConfigurationPlatforms) = preSolution
		Debug|Any CPU = Debug|Any CPU
		Release|Any CPU = Release|Any CPU
	EndGlobalSection
	GlobalSection(ProjectConfigurationPlatforms) = postSolution
		{3A883F59-135E-4437-BEB5-996741B8E71A}.Debug|Any CPU.ActiveCfg = Debug|Any CPU
		{3A883F59-135E-4437-BEB5-996741B8E71A}.Debug|Any CPU.Build.0 = Debug|Any CPU
		{3A883F59-135E-4437-BEB5-996741B8E71A}.Release|Any CPU.ActiveCfg = Release|Any CPU
		{3A883F59-135E-4437-BEB5-996741B8E71A}.Release|Any CPU.Build.0 = Release|Any CPU
		{D2EC453A-5055-4C09-A0A3-9CF25B7AA38B}.Debug|Any CPU.ActiveCfg = Debug|Any CPU
		{D2EC453A-5055-4C09-A0A3-9CF25B7AA38B}.Debug|Any CPU.Build.0 = Debug|Any CPU
		{D2EC453A-5055-4C09-A0A3-9CF25B7AA38B}.Release|Any CPU.ActiveCfg = Release|Any CPU
		{D2EC453A-5055-4C09-A0A3-9CF25B7AA38B}.Release|Any CPU.Build.0 = Release|Any CPU
		{9901FE7C-9723-40FD-95E4-C063B4F61328}.Debug|Any CPU.ActiveCfg = Debug|Any CPU
		{9901FE7C-9723-40FD-95E4-C063B4F61328}.Debug|Any CPU.Build.0 = Debug|Any CPU
		{9901FE7C-9723-40FD-95E4-C063B4F61328}.Release|Any CPU.ActiveCfg = Release|Any CPU
		{9901FE7C-9723-40FD-95E4-C063B4F61328}.Release|Any CPU.Build.0 = Release|Any CPU
	EndGlobalSection
	GlobalSection(SolutionProperties) = preSolution
		HideSolutionNode = FALSE
	EndGlobalSection
	GlobalSection(ExtensibilityGlobals) = postSolution
		SolutionGuid = {A1E1F941-5440-45E3-9DE6-D914960DAD02}
	EndGlobalSection
EndGlobal
